
Microsoft Visual Studio Solution File, Format Version 12.00
# Visual Studio Version 16
VisualStudioVersion = 16.0.30413.136
MinimumVisualStudioVersion = 10.0.40219.1
Project("{FAE04EC0-301F-11D3-BF4B-00C04F79EFBC}") = "Web Application Development", "Web Application Development\Web Application Development.csproj", "{D336E178-3897-4426-9AA6-0F26BB7C8332}"
EndProject
Global
	GlobalSection(SolutionConfigurationPlatforms) = preSolution
		Debug|Any CPU = Debug|Any CPU
		Release|Any CPU = Release|Any CPU
	EndGlobalSection
	GlobalSection(ProjectConfigurationPlatforms) = postSolution
		{D336E178-3897-4426-9AA6-0F26BB7C8332}.Debug|Any CPU.ActiveCfg = Debug|Any CPU
		{D336E178-3897-4426-9AA6-0F26BB7C8332}.Debug|Any CPU.Build.0 = Debug|Any CPU
		{D336E178-3897-4426-9AA6-0F26BB7C8332}.Release|Any CPU.ActiveCfg = Release|Any CPU
		{D336E178-3897-4426-9AA6-0F26BB7C8332}.Release|Any CPU.Build.0 = Release|Any CPU
	EndGlobalSection
	GlobalSection(SolutionProperties) = preSolution
		HideSolutionNode = FALSE
	EndGlobalSection
	GlobalSection(ExtensibilityGlobals) = postSolution
		SolutionGuid = {CE628D36-26C9-4333-9ABD-411A0420B303}
	EndGlobalSection
EndGlobal
